{
  "nodes": {
    "agent-skills-nix": {
      "inputs": {
        "home-manager": "home-manager",
        "nixpkgs": "nixpkgs"
      },
      "locked": {
        "lastModified": 1780896346,
        "narHash": "sha256-WC5hQ0GOmFPKrlbit3vjjJMlltwI5vpWXsHj/n5NvVk=",
        "owner": "Kyure-A",
        "repo": "agent-skills-nix",
        "rev": "61d701aa8fffd918d8d8c0ac4784bdbadf6ddd60",
        "type": "github"
      },
      "original": {
        "owner": "Kyure-A",
        "repo": "agent-skills-nix",
        "type": "github"
      }
    },
    "antfu-skills": {
      "flake": false,
      "locked": {
        "lastModified": 1777653984,
        "narHash": "sha256-FAyqk2uhWwXt1fmZZdftnjPSvNFAtB73M2AJueHy4TY=",
        "owner": "antfu",
        "repo": "skills",
        "rev": "50deaeb269d80d92db7a2c5a677290309ae307fc",
        "type": "github"
      },
      "original": {
        "owner": "antfu",
        "repo": "skills",
        "type": "github"
      }
    },
    "anthropic-skills": {
      "flake": false,
      "locked": {
        "lastModified": 1781037316,
        "narHash": "sha256-1D9otXxDvmKASBu/vtAEWv6kE+U+jG4OxZpRLZbGEF0=",
        "owner": "anthropics",
        "repo": "skills",
        "rev": "57546260929473d4e0d1c1bb75297be2fdfa1949",
        "type": "github"
      },
      "original": {
        "owner": "anthropics",
        "repo": "skills",
        "type": "github"
      }
    },
    "claude-code-plugins": {
      "flake": false,
      "locked": {
        "lastModified": 1781301202,
        "narHash": "sha256-ZizJ5+rkRiCGHc5FrluWD1lUnvS/rE0mDTpmp1sD4xM=",
        "owner": "anthropics",
        "repo": "claude-code",
        "rev": "ca9f6045fc90c8244f9e787fb57d54b380f9a27c",
        "type": "github"
      },
      "original": {
        "owner": "anthropics",
        "repo": "claude-code",
        "type": "github"
      }
    },
    "flake-compat": {
      "flake": false,
      "locked": {
        "lastModified": 1767039857,
        "narHash": "sha256-vNpUSpF5Nuw8xvDLj2KCwwksIbjua2LZCqhV1LNRDns=",
        "owner": "edolstra",
        "repo": "flake-compat",
        "rev": "5edf11c44bc78a0d334f6334cdaf7d60d732daab",
        "type": "github"
      },
      "original": {
        "owner": "edolstra",
        "repo": "flake-compat",
        "type": "github"
      }
    },
    "home-manager": {
      "inputs": {
        "nixpkgs": [
          "agent-skills-nix",
          "nixpkgs"
        ]
      },
      "locked": {
        "lastModified": 1780885330,
        "narHash": "sha256-aMA5oAq2Iv467U9s8YOb50DYQT9w0WJbyWqwlzHuLMs=",
        "owner": "nix-community",
        "repo": "home-manager",
        "rev": "4fe95527cbe952713318ada8a4d122e1a6ab120f",
        "type": "github"
      },
      "original": {
        "owner": "nix-community",
        "repo": "home-manager",
        "type": "github"
      }
    },
    "home-manager_2": {
      "inputs": {
        "nixpkgs": [
          "nixpkgs"
        ]
      },
      "locked": {
        "lastModified": 1781477932,
        "narHash": "sha256-7EZqIpytCiWoVsUQIRytWr2H0esy2xuntQHjG4Hb/48=",
        "owner": "nix-community",
        "repo": "home-manager",
        "rev": "ed8263e7d7813ec8f447e78e5dcd7f94f333f1d5",
        "type": "github"
      },
      "original": {
        "owner": "nix-community",
        "repo": "home-manager",
        "type": "github"
      }
    },
    "mcp-servers-nix": {
      "inputs": {
        "nixpkgs": [
          "nixpkgs"
        ]
      },
      "locked": {
        "lastModified": 1781409878,
        "narHash": "sha256-yB0QCKGI89vjb2gRRFjGa+lW0wHfPnLEZqoT+HcNNlM=",
        "owner": "natsukium",
        "repo": "mcp-servers-nix",
        "rev": "fbc9a7b16db4d8eb9b7958bd572c5d52ab66a35c",
        "type": "github"
      },
      "original": {
        "owner": "natsukium",
        "repo": "mcp-servers-nix",
        "type": "github"
      }
    },
    "nixos-wsl": {
      "inputs": {
        "flake-compat": "flake-compat",
        "nixpkgs": [
          "nixpkgs"
        ]
      },
      "locked": {
        "lastModified": 1781182279,
        "narHash": "sha256-V5EQQbDnmdiXGQXrEF1PEL7QYsFqfH8N1E89Z5ONwFk=",
        "owner": "nix-community",
        "repo": "NixOS-WSL",
        "rev": "5675822ba756e6e56f8f6a5a76e90e0da2ece94d",
        "type": "github"
      },
      "original": {
        "owner": "nix-community",
        "repo": "NixOS-WSL",
        "type": "github"
      }
    },
    "nixpkgs": {
      "locked": {
        "lastModified": 1780749050,
        "narHash": "sha256-3av0pIjlOWQ6rDbNOmpUSvbNnJkGORQKKjb4LtCZsIY=",
        "owner": "NixOS",
        "repo": "nixpkgs",
        "rev": "a799d3e3886da994fa307f817a6bc705ae538eeb",
        "type": "github"
      },
      "original": {
        "owner": "NixOS",
        "ref": "nixos-unstable",
        "repo": "nixpkgs",
        "type": "github"
      }
    },
    "nixpkgs_2": {
      "locked": {
        "lastModified": 1781359544,
        "narHash": "sha256-iUuzKQcyXvopYDDzFpMK5eQKP3WIJExYny2kJtbgUcE=",
        "owner": "nixos",
        "repo": "nixpkgs",
        "rev": "9f11f828c213641c2369a9f1fa31fe31557e3156",
        "type": "github"
      },
      "original": {
        "owner": "nixos",
        "ref": "nixpkgs-unstable",
        "repo": "nixpkgs",
        "type": "github"
      }
    },
    "obra-superpowers": {
      "flake": false,
      "locked": {
        "lastModified": 1780085125,
        "narHash": "sha256-P/FD8HTQO+QzvMe3A/B2v2vjs8T6ZmIYH3MPp79dSzo=",
        "owner": "obra",
        "repo": "superpowers",
        "rev": "6fd4507659784c351abbd2bc264c7162cfd386dc",
        "type": "github"
      },
      "original": {
        "owner": "obra",
        "repo": "superpowers",
        "type": "github"
      }
    },
    "root": {
      "inputs": {
        "agent-skills-nix": "agent-skills-nix",
        "antfu-skills": "antfu-skills",
        "anthropic-skills": "anthropic-skills",
        "claude-code-plugins": "claude-code-plugins",
        "home-manager": "home-manager_2",
        "mcp-servers-nix": "mcp-servers-nix",
        "nixos-wsl": "nixos-wsl",
        "nixpkgs": "nixpkgs_2",
        "obra-superpowers": "obra-superpowers",
        "vercel-skills": "vercel-skills"
      }
    },
    "vercel-skills": {
      "flake": false,
      "locked": {
        "lastModified": 1781136373,
        "narHash": "sha256-IAbkeN1ZP8z5xTaZafRLMhAlhXBDw+fkfTvjZBoGeqw=",
        "owner": "vercel-labs",
        "repo": "skills",
        "rev": "be0dd25b4a8665894a56f45ef582cc02ca802c39",
        "type": "github"
      },
      "original": {
        "owner": "vercel-labs",
        "repo": "skills",
        "type": "github"
      }
    }
  },
  "root": "root",
  "version": 7
}
