{
  "nodes": {
    "agent-skills-nix": {
      "inputs": {
        "nixpkgs": "nixpkgs"
      },
      "locked": {
        "lastModified": 1789145426,
        "narHash": "sha256-Wf+7Qzt8+nz4TXPCbWnMjOAdzbVM6blW9J6JP+YhSy8=",
        "owner": "Kyure-A",
        "repo": "agent-skills-nix",
        "rev": "5133c874553c6c295654d8de4e3f62c95736b9c6",
        "type": "github"
      },
      "original": {
        "owner": "Kyure-A",
        "repo": "agent-skills-nix",
        "type": "github"
      }
    },
    "antfu-skills": {
      "flake": false,
      "locked": {
        "lastModified": 1782173676,
        "narHash": "sha256-30PslbWFbtoip1B+WW5DjQhyTo0R+umqGSylsXzdTUs=",
        "owner": "antfu",
        "repo": "skills",
        "rev": "a74f281a27dadc02397bc1a174b0f2c97531b6ae",
        "type": "github"
      },
      "original": {
        "owner": "antfu",
        "repo": "skills",
        "type": "github"
      }
    },
    "anthropic-skills": {
      "flake": false,
      "locked": {
        "lastModified": 1789069448,
        "narHash": "sha256-tI4bTTBfI1ylltklGyiyA7pLoKXEWtrT6lrmwrpLbCw=",
        "owner": "anthropics",
        "repo": "skills",
        "rev": "34040c9c568585f6929bedeaad110ad08f079624",
        "type": "github"
      },
      "original": {
        "owner": "anthropics",
        "repo": "skills",
        "type": "github"
      }
    },
    "claude-code-plugins": {
      "flake": false,
      "locked": {
        "lastModified": 1789432939,
        "narHash": "sha256-epAAmzPMdhVNJYHnFYNIi/x1AO83jW2RvJgdVr0SAf0=",
        "owner": "anthropics",
        "repo": "claude-code",
        "rev": "f96c3b49c4c8721685206aaab23609b2d399df4e",
        "type": "github"
      },
      "original": {
        "owner": "anthropics",
        "repo": "claude-code",
        "type": "github"
      }
    },
    "flake-compat": {
      "flake": false,
      "locked": {
        "lastModified": 1767039857,
        "narHash": "sha256-vNpUSpF5Nuw8xvDLj2KCwwksIbjua2LZCqhV1LNRDns=",
        "owner": "edolstra",
        "repo": "flake-compat",
        "rev": "5edf11c44bc78a0d334f6334cdaf7d60d732daab",
        "type": "github"
      },
      "original": {
        "owner": "edolstra",
        "repo": "flake-compat",
        "type": "github"
      }
    },
    "herdr": {
      "inputs": {
        "nixpkgs": [
          "nixpkgs"
        ],
        "rust-overlay": "rust-overlay"
      },
      "locked": {
        "lastModified": 1789488847,
        "narHash": "sha256-I8jUj4VHy1QM1H+GKS2OcotXu1S3GzRsOgjYQsAV8Uc=",
        "owner": "ogulcancelik",
        "repo": "herdr",
        "rev": "f70a1f835ef614f5e1ad1bde76d4629c650fd192",
        "type": "github"
      },
      "original": {
        "owner": "ogulcancelik",
        "repo": "herdr",
        "type": "github"
      }
    },
    "home-manager": {
      "inputs": {
        "nixpkgs": [
          "nixpkgs"
        ]
      },
      "locked": {
        "lastModified": 1789482455,
        "narHash": "sha256-pD3qVlQ4mUCFoTWrYtxecpSitQMsgJvJIN0FUIDZoEU=",
        "owner": "nix-community",
        "repo": "home-manager",
        "rev": "efa3ccb4c3cc90d832eab232976379058fa75aa3",
        "type": "github"
      },
      "original": {
        "owner": "nix-community",
        "repo": "home-manager",
        "type": "github"
      }
    },
    "mcp-servers-nix": {
      "inputs": {
        "nixpkgs": [
          "nixpkgs"
        ]
      },
      "locked": {
        "lastModified": 1789488101,
        "narHash": "sha256-N8oTLqFYCil8KgOGGk+PZy2PuSVyaTmphxP6iXeRvj0=",
        "owner": "natsukium",
        "repo": "mcp-servers-nix",
        "rev": "3b3e543ab0842b55200a54e85d834d97931bd923",
        "type": "github"
      },
      "original": {
        "owner": "natsukium",
        "repo": "mcp-servers-nix",
        "type": "github"
      }
    },
    "nix-darwin": {
      "inputs": {
        "nixpkgs": [
          "nixpkgs"
        ]
      },
      "locked": {
        "lastModified": 1786845137,
        "narHash": "sha256-oQFip+v0luP8NIxJzmiW4Wu8bILsbFWom5l0zonl8hQ=",
        "owner": "nix-darwin",
        "repo": "nix-darwin",
        "rev": "4cff07de74b50e64bdd68cd4e722ab5b6b35ee48",
        "type": "github"
      },
      "original": {
        "owner": "nix-darwin",
        "repo": "nix-darwin",
        "type": "github"
      }
    },
    "nixos-wsl": {
      "inputs": {
        "flake-compat": "flake-compat",
        "nixpkgs": [
          "nixpkgs"
        ]
      },
      "locked": {
        "lastModified": 1789164534,
        "narHash": "sha256-DoYGPM6QpnYBLWj9gGw6ZwAzIX+HrAVov1BoT+8Jixo=",
        "owner": "nix-community",
        "repo": "NixOS-WSL",
        "rev": "72c92b11bb8289e6651c7fef29cc0a885fd6a255",
        "type": "github"
      },
      "original": {
        "owner": "nix-community",
        "repo": "NixOS-WSL",
        "type": "github"
      }
    },
    "nixpkgs": {
      "locked": {
        "lastModified": 1785571196,
        "narHash": "sha256-KoTsyMQqnXQZq8deCEnu4QkyldkwH/bpMMhUcfMdGIw=",
        "owner": "NixOS",
        "repo": "nixpkgs",
        "rev": "148bab9c1c3c53136ecb44a6ea356a0ed5b39b06",
        "type": "github"
      },
      "original": {
        "owner": "NixOS",
        "ref": "nixos-unstable",
        "repo": "nixpkgs",
        "type": "github"
      }
    },
    "nixpkgs_2": {
      "locked": {
        "lastModified": 1789370336,
        "narHash": "sha256-6RSEDHIWQtesQKWSu5qRai8L2h4KgCgMEfJHstW99G4=",
        "owner": "nixos",
        "repo": "nixpkgs",
        "rev": "c7def046b9a883d46974757852106483d741586f",
        "type": "github"
      },
      "original": {
        "owner": "nixos",
        "ref": "nixpkgs-unstable",
        "repo": "nixpkgs",
        "type": "github"
      }
    },
    "obra-superpowers": {
      "flake": false,
      "locked": {
        "lastModified": 1786553601,
        "narHash": "sha256-EsGNO0dULWf5Bx6bGrCv2kI2Z8aKH0kRvGiuN23wChQ=",
        "owner": "obra",
        "repo": "superpowers",
        "rev": "b36e0829c6d0140e93cfef2ca599b1b07d4a7797",
        "type": "github"
      },
      "original": {
        "owner": "obra",
        "repo": "superpowers",
        "type": "github"
      }
    },
    "root": {
      "inputs": {
        "agent-skills-nix": "agent-skills-nix",
        "antfu-skills": "antfu-skills",
        "anthropic-skills": "anthropic-skills",
        "claude-code-plugins": "claude-code-plugins",
        "herdr": "herdr",
        "home-manager": "home-manager",
        "mcp-servers-nix": "mcp-servers-nix",
        "nix-darwin": "nix-darwin",
        "nixos-wsl": "nixos-wsl",
        "nixpkgs": "nixpkgs_2",
        "obra-superpowers": "obra-superpowers",
        "vercel-skills": "vercel-skills"
      }
    },
    "rust-overlay": {
      "inputs": {
        "nixpkgs": [
          "herdr",
          "nixpkgs"
        ]
      },
      "locked": {
        "lastModified": 1783577481,
        "narHash": "sha256-EWMxOWrJ031f8f/lrcEmhTRs4npw1/5N3Hcjin846c8=",
        "owner": "oxalica",
        "repo": "rust-overlay",
        "rev": "4cdea398dc491b082dccdce0fad1ed0b75fa3394",
        "type": "github"
      },
      "original": {
        "owner": "oxalica",
        "repo": "rust-overlay",
        "type": "github"
      }
    },
    "vercel-skills": {
      "flake": false,
      "locked": {
        "lastModified": 1789399492,
        "narHash": "sha256-71YzEawSJiLI37aPpZUKQpyfNXGcaIg8WZran90aumE=",
        "owner": "vercel-labs",
        "repo": "skills",
        "rev": "d6b37f62ae23c3825b0ed16c73e123eee0a41fdc",
        "type": "github"
      },
      "original": {
        "owner": "vercel-labs",
        "repo": "skills",
        "type": "github"
      }
    }
  },
  "root": "root",
  "version": 7
}
