{
  "nodes": {
    "agent-browser": {
      "flake": false,
      "locked": {
        "lastModified": 1772389403,
        "narHash": "sha256-BDemV0VNgFytC/np+LPE8ozJx+b/bOaeZl331QE3Qgs=",
        "owner": "vercel-labs",
        "repo": "agent-browser",
        "rev": "b304a4188c71877e54373d72109be034d455953b",
        "type": "github"
      },
      "original": {
        "owner": "vercel-labs",
        "repo": "agent-browser",
        "type": "github"
      }
    },
    "agent-skills-nix": {
      "inputs": {
        "home-manager": "home-manager",
        "nixpkgs": "nixpkgs"
      },
      "locked": {
        "lastModified": 1772204473,
        "narHash": "sha256-iT3F56ad9zxrY7BCjVIyBk8xHwnULL3WcJOdQc+HHVU=",
        "owner": "Kyure-A",
        "repo": "agent-skills-nix",
        "rev": "9ee599cb979640aa403083106743a3e3f6458645",
        "type": "github"
      },
      "original": {
        "owner": "Kyure-A",
        "repo": "agent-skills-nix",
        "type": "github"
      }
    },
    "antfu-skills": {
      "flake": false,
      "locked": {
        "lastModified": 1770099961,
        "narHash": "sha256-0cVxonFlbcACilzf9hQWXWPsLE+JJHtbO7tUe0FkmfM=",
        "owner": "antfu",
        "repo": "skills",
        "rev": "3fb90f01f5298b00de0a2500aab1ddd1357e6eb2",
        "type": "github"
      },
      "original": {
        "owner": "antfu",
        "repo": "skills",
        "type": "github"
      }
    },
    "anthropic-skills": {
      "flake": false,
      "locked": {
        "lastModified": 1771993718,
        "narHash": "sha256-mZZ0rlj/kju7we1h+MvUjgFAVjcZ/qKkMbNZfhfCSvk=",
        "owner": "anthropics",
        "repo": "skills",
        "rev": "3d59511518591fa82e6cfcf0438d68dd5dad3e76",
        "type": "github"
      },
      "original": {
        "owner": "anthropics",
        "repo": "skills",
        "type": "github"
      }
    },
    "home-manager": {
      "inputs": {
        "nixpkgs": [
          "agent-skills-nix",
          "nixpkgs"
        ]
      },
      "locked": {
        "lastModified": 1771756436,
        "narHash": "sha256-Tl2I0YXdhSTufGqAaD1ySh8x+cvVsEI1mJyJg12lxhI=",
        "owner": "nix-community",
        "repo": "home-manager",
        "rev": "5bd3589390b431a63072868a90c0f24771ff4cbb",
        "type": "github"
      },
      "original": {
        "owner": "nix-community",
        "repo": "home-manager",
        "type": "github"
      }
    },
    "home-manager_2": {
      "inputs": {
        "nixpkgs": [
          "nixpkgs"
        ]
      },
      "locked": {
        "lastModified": 1772380461,
        "narHash": "sha256-O3ukj3Bb3V0Tiy/4LUfLlBpWypJ9P0JeUgsKl2nmZZY=",
        "owner": "nix-community",
        "repo": "home-manager",
        "rev": "f140aa04d7d14f8a50ab27f3691b5766b17ae961",
        "type": "github"
      },
      "original": {
        "owner": "nix-community",
        "repo": "home-manager",
        "type": "github"
      }
    },
    "mcp-servers-nix": {
      "inputs": {
        "nixpkgs": [
          "nixpkgs"
        ]
      },
      "locked": {
        "lastModified": 1772390160,
        "narHash": "sha256-XKOp/DIluVmHxJIIKbTw37VbbjcHbcCyxFtcM+W4PSw=",
        "owner": "natsukium",
        "repo": "mcp-servers-nix",
        "rev": "5d456a9734a61670a72ce17f22fbd5e9cdd03249",
        "type": "github"
      },
      "original": {
        "owner": "natsukium",
        "repo": "mcp-servers-nix",
        "type": "github"
      }
    },
    "nixpkgs": {
      "locked": {
        "lastModified": 1771369470,
        "narHash": "sha256-0NBlEBKkN3lufyvFegY4TYv5mCNHbi5OmBDrzihbBMQ=",
        "owner": "NixOS",
        "repo": "nixpkgs",
        "rev": "0182a361324364ae3f436a63005877674cf45efb",
        "type": "github"
      },
      "original": {
        "owner": "NixOS",
        "ref": "nixos-unstable",
        "repo": "nixpkgs",
        "type": "github"
      }
    },
    "nixpkgs_2": {
      "locked": {
        "lastModified": 1772173633,
        "narHash": "sha256-MOH58F4AIbCkh6qlQcwMycyk5SWvsqnS/TCfnqDlpj4=",
        "owner": "nixos",
        "repo": "nixpkgs",
        "rev": "c0f3d81a7ddbc2b1332be0d8481a672b4f6004d6",
        "type": "github"
      },
      "original": {
        "owner": "nixos",
        "ref": "nixpkgs-unstable",
        "repo": "nixpkgs",
        "type": "github"
      }
    },
    "obra-superpowers": {
      "flake": false,
      "locked": {
        "lastModified": 1771702985,
        "narHash": "sha256-AeICtdAfWRp0oCgQqd8LdrEWWtKNqUNWdvn0CGL18fA=",
        "owner": "obra",
        "repo": "superpowers",
        "rev": "e4a2375cb705ca5800f0833528ce36a3faf9017a",
        "type": "github"
      },
      "original": {
        "owner": "obra",
        "repo": "superpowers",
        "type": "github"
      }
    },
    "root": {
      "inputs": {
        "agent-browser": "agent-browser",
        "agent-skills-nix": "agent-skills-nix",
        "antfu-skills": "antfu-skills",
        "anthropic-skills": "anthropic-skills",
        "home-manager": "home-manager_2",
        "mcp-servers-nix": "mcp-servers-nix",
        "nixpkgs": "nixpkgs_2",
        "obra-superpowers": "obra-superpowers",
        "vercel-skills": "vercel-skills"
      }
    },
    "vercel-skills": {
      "flake": false,
      "locked": {
        "lastModified": 1772249185,
        "narHash": "sha256-qeQw8JoEA6Dunsc3P0VM1M0tUERVjYatAkdgoIzos88=",
        "owner": "vercel-labs",
        "repo": "skills",
        "rev": "5ac56d8d6b6f74a7f8169e2bc9b45336aa01a8bf",
        "type": "github"
      },
      "original": {
        "owner": "vercel-labs",
        "repo": "skills",
        "type": "github"
      }
    }
  },
  "root": "root",
  "version": 7
}
